// !$*UTF8*$!
{
	archiveVersion = 1;
	classes = {
	};
	objectVersion = 46;
	objects = {

/* Begin PBXBuildFile section */
		4409ABD81F1DCDE70009E194 /* IBMMobileKit.framework in Frameworks */ = {isa = PBXBuildFile; fileRef = 4409ABD71F1DCDE70009E194 /* IBMMobileKit.framework */; };
		4409ABD91F1DCDE70009E194 /* IBMMobileKit.framework in CopyFiles */ = {isa = PBXBuildFile; fileRef = 4409ABD71F1DCDE70009E194 /* IBMMobileKit.framework */; settings = {ATTRIBUTES = (CodeSignOnCopy, RemoveHeadersOnCopy, ); }; };
		44CFFAD01F00EB0A0033DE51 /* AppDelegate.swift in Sources */ = {isa = PBXBuildFile; fileRef = 44CFFAC71F00EB0A0033DE51 /* AppDelegate.swift */; };
		44CFFAD11F00EB0A0033DE51 /* Assets.xcassets in Resources */ = {isa = PBXBuildFile; fileRef = 44CFFAC81F00EB0A0033DE51 /* Assets.xcassets */; };
		44CFFAD51F00EB0A0033DE51 /* ViewController.swift in Sources */ = {isa = PBXBuildFile; fileRef = 44CFFACF1F00EB0A0033DE51 /* ViewController.swift */; };
		44CFFADA1F00EB910033DE51 /* LaunchScreen.storyboard in Resources */ = {isa = PBXBuildFile; fileRef = 44CFFAD61F00EB910033DE51 /* LaunchScreen.storyboard */; };
		44CFFADB1F00EB910033DE51 /* Main.storyboard in Resources */ = {isa = PBXBuildFile; fileRef = 44CFFAD81F00EB910033DE51 /* Main.storyboard */; };
/* End PBXBuildFile section */

/* Begin PBXCopyFilesBuildPhase section */
		44C669361EFCF11C00E51977 /* CopyFiles */ = {
			isa = PBXCopyFilesBuildPhase;
			buildActionMask = 2147483647;
			dstPath = "";
			dstSubfolderSpec = 10;
			files = (
				4409ABD91F1DCDE70009E194 /* IBMMobileKit.framework in CopyFiles */,
			);
			runOnlyForDeploymentPostprocessing = 0;
		};
/* End PBXCopyFilesBuildPhase section */

/* Begin PBXFileReference section */
		4409ABD71F1DCDE70009E194 /* IBMMobileKit.framework */ = {isa = PBXFileReference; lastKnownFileType = wrapper.framework; name = IBMMobileKit.framework; path = Framework/IBMMobileKit.framework; sourceTree = "<group>"; };
		448082F41EFB328F00C5CBE2 /* passwordpolicy.app */ = {isa = PBXFileReference; explicitFileType = wrapper.application; includeInIndex = 0; path = passwordpolicy.app; sourceTree = BUILT_PRODUCTS_DIR; };
		44CFFAC71F00EB0A0033DE51 /* AppDelegate.swift */ = {isa = PBXFileReference; fileEncoding = 4; lastKnownFileType = sourcecode.swift; name = AppDelegate.swift; path = passwordpolicy/AppDelegate.swift; sourceTree = SOURCE_ROOT; };
		44CFFAC81F00EB0A0033DE51 /* Assets.xcassets */ = {isa = PBXFileReference; lastKnownFileType = folder.assetcatalog; name = Assets.xcassets; path = passwordpolicy/Assets.xcassets; sourceTree = SOURCE_ROOT; };
		44CFFACE1F00EB0A0033DE51 /* Info.plist */ = {isa = PBXFileReference; fileEncoding = 4; lastKnownFileType = text.plist.xml; name = Info.plist; path = passwordpolicy/Info.plist; sourceTree = SOURCE_ROOT; };
		44CFFACF1F00EB0A0033DE51 /* ViewController.swift */ = {isa = PBXFileReference; fileEncoding = 4; lastKnownFileType = sourcecode.swift; name = ViewController.swift; path = passwordpolicy/ViewController.swift; sourceTree = SOURCE_ROOT; };
		44CFFAD71F00EB910033DE51 /* Base */ = {isa = PBXFileReference; lastKnownFileType = file.storyboard; name = Base; path = passwordpolicy/Base.lproj/LaunchScreen.storyboard; sourceTree = SOURCE_ROOT; };
		44CFFAD91F00EB910033DE51 /* Base */ = {isa = PBXFileReference; lastKnownFileType = file.storyboard; name = Base; path = passwordpolicy/Base.lproj/Main.storyboard; sourceTree = SOURCE_ROOT; };
/* End PBXFileReference section */

/* Begin PBXFrameworksBuildPhase section */
		448082F11EFB328F00C5CBE2 /* Frameworks */ = {
			isa = PBXFrameworksBuildPhase;
			buildActionMask = 2147483647;
			files = (
				4409ABD81F1DCDE70009E194 /* IBMMobileKit.framework in Frameworks */,
			);
			runOnlyForDeploymentPostprocessing = 0;
		};
/* End PBXFrameworksBuildPhase section */

/* Begin PBXGroup section */
		448082EB1EFB328F00C5CBE2 = {
			isa = PBXGroup;
			children = (
				4409ABD71F1DCDE70009E194 /* IBMMobileKit.framework */,
				448082F61EFB328F00C5CBE2 /* passwordpolicy */,
				448082F51EFB328F00C5CBE2 /* Products */,
			);
			sourceTree = "<group>";
		};
		448082F51EFB328F00C5CBE2 /* Products */ = {
			isa = PBXGroup;
			children = (
				448082F41EFB328F00C5CBE2 /* passwordpolicy.app */,
			);
			name = Products;
			sourceTree = "<group>";
		};
		448082F61EFB328F00C5CBE2 /* passwordpolicy */ = {
			isa = PBXGroup;
			children = (
				44CFFAC71F00EB0A0033DE51 /* AppDelegate.swift */,
				44CFFACF1F00EB0A0033DE51 /* ViewController.swift */,
				44CFFAD81F00EB910033DE51 /* Main.storyboard */,
				44CFFAC81F00EB0A0033DE51 /* Assets.xcassets */,
				44CFFAD61F00EB910033DE51 /* LaunchScreen.storyboard */,
				44CFFACE1F00EB0A0033DE51 /* Info.plist */,
			);
			name = passwordpolicy;
			path = usernamepolicy;
			sourceTree = "<group>";
		};
/* End PBXGroup section */

/* Begin PBXNativeTarget section */
		448082F31EFB328F00C5CBE2 /* passwordpolicy */ = {
			isa = PBXNativeTarget;
			buildConfigurationList = 448083061EFB328F00C5CBE2 /* Build configuration list for PBXNativeTarget "passwordpolicy" */;
			buildPhases = (
				448082F01EFB328F00C5CBE2 /* Sources */,
				448082F11EFB328F00C5CBE2 /* Frameworks */,
				448082F21EFB328F00C5CBE2 /* Resources */,
				44C669361EFCF11C00E51977 /* CopyFiles */,
			);
			buildRules = (
			);
			dependencies = (
			);
			name = passwordpolicy;
			productName = usernamepolicy;
			productReference = 448082F41EFB328F00C5CBE2 /* passwordpolicy.app */;
			productType = "com.apple.product-type.application";
		};
/* End PBXNativeTarget section */

/* Begin PBXProject section */
		448082EC1EFB328F00C5CBE2 /* Project object */ = {
			isa = PBXProject;
			attributes = {
				LastSwiftUpdateCheck = 0830;
				LastUpgradeCheck = 0830;
				ORGANIZATIONNAME = com.ibm.security;
				TargetAttributes = {
					448082F31EFB328F00C5CBE2 = {
						CreatedOnToolsVersion = 8.3.3;
						DevelopmentTeam = PETKK2G752;
						ProvisioningStyle = Automatic;
					};
				};
			};
			buildConfigurationList = 448082EF1EFB328F00C5CBE2 /* Build configuration list for PBXProject "passwordpolicy" */;
			compatibilityVersion = "Xcode 3.2";
			developmentRegion = English;
			hasScannedForEncodings = 0;
			knownRegions = (
				en,
				Base,
			);
			mainGroup = 448082EB1EFB328F00C5CBE2;
			productRefGroup = 448082F51EFB328F00C5CBE2 /* Products */;
			projectDirPath = "";
			projectRoot = "";
			targets = (
				448082F31EFB328F00C5CBE2 /* passwordpolicy */,
			);
		};
/* End PBXProject section */

/* Begin PBXResourcesBuildPhase section */
		448082F21EFB328F00C5CBE2 /* Resources */ = {
			isa = PBXResourcesBuildPhase;
			buildActionMask = 2147483647;
			files = (
				44CFFADA1F00EB910033DE51 /* LaunchScreen.storyboard in Resources */,
				44CFFAD11F00EB0A0033DE51 /* Assets.xcassets in Resources */,
				44CFFADB1F00EB910033DE51 /* Main.storyboard in Resources */,
			);
			runOnlyForDeploymentPostprocessing = 0;
		};
/* End PBXResourcesBuildPhase section */

/* Begin PBXSourcesBuildPhase section */
		448082F01EFB328F00C5CBE2 /* Sources */ = {
			isa = PBXSourcesBuildPhase;
			buildActionMask = 2147483647;
			files = (
				44CFFAD01F00EB0A0033DE51 /* AppDelegate.swift in Sources */,
				44CFFAD51F00EB0A0033DE51 /* ViewController.swift in Sources */,
			);
			runOnlyForDeploymentPostprocessing = 0;
		};
/* End PBXSourcesBuildPhase section */

/* Begin PBXVariantGroup section */
		44CFFAD61F00EB910033DE51 /* LaunchScreen.storyboard */ = {
			isa = PBXVariantGroup;
			children = (
				44CFFAD71F00EB910033DE51 /* Base */,
			);
			name = LaunchScreen.storyboard;
			sourceTree = "<group>";
		};
		44CFFAD81F00EB910033DE51 /* Main.storyboard */ = {
			isa = PBXVariantGroup;
			children = (
				44CFFAD91F00EB910033DE51 /* Base */,
			);
			name = Main.storyboard;
			sourceTree = "<group>";
		};
/* End PBXVariantGroup section */

/* Begin XCBuildConfiguration section */
		448083041EFB328F00C5CBE2 /* Debug */ = {
			isa = XCBuildConfiguration;
			buildSettings = {
				ALWAYS_SEARCH_USER_PATHS = NO;
				CLANG_ANALYZER_NONNULL = YES;
				CLANG_ANALYZER_NUMBER_OBJECT_CONVERSION = YES_AGGRESSIVE;
				CLANG_CXX_LANGUAGE_STANDARD = "gnu++0x";
				CLANG_CXX_LIBRARY = "libc++";
				CLANG_ENABLE_MODULES = YES;
				CLANG_ENABLE_OBJC_ARC = YES;
				CLANG_WARN_BOOL_CONVERSION = YES;
				CLANG_WARN_CONSTANT_CONVERSION = YES;
				CLANG_WARN_DIRECT_OBJC_ISA_USAGE = YES_ERROR;
				CLANG_WARN_DOCUMENTATION_COMMENTS = YES;
				CLANG_WARN_EMPTY_BODY = YES;
				CLANG_WARN_ENUM_CONVERSION = YES;
				CLANG_WARN_INFINITE_RECURSION = YES;
				CLANG_WARN_INT_CONVERSION = YES;
				CLANG_WARN_OBJC_ROOT_CLASS = YES_ERROR;
				CLANG_WARN_SUSPICIOUS_MOVE = YES;
				CLANG_WARN_UNREACHABLE_CODE = YES;
				CLANG_WARN__DUPLICATE_METHOD_MATCH = YES;
				"CODE_SIGN_IDENTITY[sdk=iphoneos*]" = "iPhone Developer";
				COPY_PHASE_STRIP = NO;
				DEBUG_INFORMATION_FORMAT = dwarf;
				ENABLE_STRICT_OBJC_MSGSEND = YES;
				ENABLE_TESTABILITY = YES;
				GCC_C_LANGUAGE_STANDARD = gnu99;
				GCC_DYNAMIC_NO_PIC = NO;
				GCC_NO_COMMON_BLOCKS = YES;
				GCC_OPTIMIZATION_LEVEL = 0;
				GCC_PREPROCESSOR_DEFINITIONS = (
					"DEBUG=1",
					"$(inherited)",
				);
				GCC_WARN_64_TO_32_BIT_CONVERSION = YES;
				GCC_WARN_ABOUT_RETURN_TYPE = YES_ERROR;
				GCC_WARN_UNDECLARED_SELECTOR = YES;
				GCC_WARN_UNINITIALIZED_AUTOS = YES_AGGRESSIVE;
				GCC_WARN_UNUSED_FUNCTION = YES;
				GCC_WARN_UNUSED_VARIABLE = YES;
				IPHONEOS_DEPLOYMENT_TARGET = 10.3;
				MTL_ENABLE_DEBUG_INFO = YES;
				ONLY_ACTIVE_ARCH = YES;
				SDKROOT = iphoneos;
				SWIFT_ACTIVE_COMPILATION_CONDITIONS = DEBUG;
				SWIFT_OPTIMIZATION_LEVEL = "-Onone";
				TARGETED_DEVICE_FAMILY = "1,2";
			};
			name = Debug;
		};
		448083051EFB328F00C5CBE2 /* Release */ = {
			isa = XCBuildConfiguration;
			buildSettings = {
				ALWAYS_SEARCH_USER_PATHS = NO;
				CLANG_ANALYZER_NONNULL = YES;
				CLANG_ANALYZER_NUMBER_OBJECT_CONVERSION = YES_AGGRESSIVE;
				CLANG_CXX_LANGUAGE_STANDARD = "gnu++0x";
				CLANG_CXX_LIBRARY = "libc++";
				CLANG_ENABLE_MODULES = YES;
				CLANG_ENABLE_OBJC_ARC = YES;
				CLANG_WARN_BOOL_CONVERSION = YES;
				CLANG_WARN_CONSTANT_CONVERSION = YES;
				CLANG_WARN_DIRECT_OBJC_ISA_USAGE = YES_ERROR;
				CLANG_WARN_DOCUMENTATION_COMMENTS = YES;
				CLANG_WARN_EMPTY_BODY = YES;
				CLANG_WARN_ENUM_CONVERSION = YES;
				CLANG_WARN_INFINITE_RECURSION = YES;
				CLANG_WARN_INT_CONVERSION = YES;
				CLANG_WARN_OBJC_ROOT_CLASS = YES_ERROR;
				CLANG_WARN_SUSPICIOUS_MOVE = YES;
				CLANG_WARN_UNREACHABLE_CODE = YES;
				CLANG_WARN__DUPLICATE_METHOD_MATCH = YES;
				"CODE_SIGN_IDENTITY[sdk=iphoneos*]" = "iPhone Developer";
				COPY_PHASE_STRIP = NO;
				DEBUG_INFORMATION_FORMAT = "dwarf-with-dsym";
				ENABLE_NS_ASSERTIONS = NO;
				ENABLE_STRICT_OBJC_MSGSEND = YES;
				GCC_C_LANGUAGE_STANDARD = gnu99;
				GCC_NO_COMMON_BLOCKS = YES;
				GCC_WARN_64_TO_32_BIT_CONVERSION = YES;
				GCC_WARN_ABOUT_RETURN_TYPE = YES_ERROR;
				GCC_WARN_UNDECLARED_SELECTOR = YES;
				GCC_WARN_UNINITIALIZED_AUTOS = YES_AGGRESSIVE;
				GCC_WARN_UNUSED_FUNCTION = YES;
				GCC_WARN_UNUSED_VARIABLE = YES;
				IPHONEOS_DEPLOYMENT_TARGET = 10.3;
				MTL_ENABLE_DEBUG_INFO = NO;
				SDKROOT = iphoneos;
				SWIFT_OPTIMIZATION_LEVEL = "-Owholemodule";
				TARGETED_DEVICE_FAMILY = "1,2";
				VALIDATE_PRODUCT = YES;
			};
			name = Release;
		};
		448083071EFB328F00C5CBE2 /* Debug */ = {
			isa = XCBuildConfiguration;
			buildSettings = {
				ASSETCATALOG_COMPILER_APPICON_NAME = AppIcon;
				DEVELOPMENT_TEAM = PETKK2G752;
				FRAMEWORK_SEARCH_PATHS = "$(PROJECT_DIR)/Framework";
				INFOPLIST_FILE = "$(SRCROOT)/passwordpolicy/Info.plist";
				LD_RUNPATH_SEARCH_PATHS = "$(inherited) @executable_path/Frameworks";
				PRODUCT_BUNDLE_IDENTIFIER = com.ibm.security.passwordpolicy;
				PRODUCT_NAME = "$(TARGET_NAME)";
				SWIFT_INCLUDE_PATHS = Framework/CommonCrypto;
				SWIFT_VERSION = 3.0;
			};
			name = Debug;
		};
		448083081EFB328F00C5CBE2 /* Release */ = {
			isa = XCBuildConfiguration;
			buildSettings = {
				ASSETCATALOG_COMPILER_APPICON_NAME = AppIcon;
				DEVELOPMENT_TEAM = PETKK2G752;
				FRAMEWORK_SEARCH_PATHS = "$(PROJECT_DIR)/Framework";
				INFOPLIST_FILE = "$(SRCROOT)/passwordpolicy/Info.plist";
				LD_RUNPATH_SEARCH_PATHS = "$(inherited) @executable_path/Frameworks";
				PRODUCT_BUNDLE_IDENTIFIER = com.ibm.security.passwordpolicy;
				PRODUCT_NAME = "$(TARGET_NAME)";
				SWIFT_INCLUDE_PATHS = Framework/CommonCrypto;
				SWIFT_VERSION = 3.0;
			};
			name = Release;
		};
/* End XCBuildConfiguration section */

/* Begin XCConfigurationList section */
		448082EF1EFB328F00C5CBE2 /* Build configuration list for PBXProject "passwordpolicy" */ = {
			isa = XCConfigurationList;
			buildConfigurations = (
				448083041EFB328F00C5CBE2 /* Debug */,
				448083051EFB328F00C5CBE2 /* Release */,
			);
			defaultConfigurationIsVisible = 0;
			defaultConfigurationName = Release;
		};
		448083061EFB328F00C5CBE2 /* Build configuration list for PBXNativeTarget "passwordpolicy" */ = {
			isa = XCConfigurationList;
			buildConfigurations = (
				448083071EFB328F00C5CBE2 /* Debug */,
				448083081EFB328F00C5CBE2 /* Release */,
			);
			defaultConfigurationIsVisible = 0;
			defaultConfigurationName = Release;
		};
/* End XCConfigurationList section */
	};
	rootObject = 448082EC1EFB328F00C5CBE2 /* Project object */;
}
