// !$*UTF8*$!
{
	archiveVersion = 1;
	classes = {
	};
	objectVersion = 46;
	objects = {

/* Begin PBXBuildFile section */
		44453BAC1CE961D000280E42 /* AppDelegate.swift in Sources */ = {isa = PBXBuildFile; fileRef = 44453BAB1CE961D000280E42 /* AppDelegate.swift */; };
		44453BAE1CE961D000280E42 /* LoginViewController.swift in Sources */ = {isa = PBXBuildFile; fileRef = 44453BAD1CE961D000280E42 /* LoginViewController.swift */; };
		44453BB11CE961D000280E42 /* Main.storyboard in Resources */ = {isa = PBXBuildFile; fileRef = 44453BAF1CE961D000280E42 /* Main.storyboard */; };
		44453BB31CE961D000280E42 /* Assets.xcassets in Resources */ = {isa = PBXBuildFile; fileRef = 44453BB21CE961D000280E42 /* Assets.xcassets */; };
		44453BB61CE961D000280E42 /* LaunchScreen.storyboard in Resources */ = {isa = PBXBuildFile; fileRef = 44453BB41CE961D000280E42 /* LaunchScreen.storyboard */; };
		44453BBE1CE9733600280E42 /* SettingsViewController.swift in Sources */ = {isa = PBXBuildFile; fileRef = 44453BBD1CE9733600280E42 /* SettingsViewController.swift */; };
		44CC8AA41DF1004D00D72D92 /* IBMMobileKit.framework in Frameworks */ = {isa = PBXBuildFile; fileRef = 44CC8AA31DF1004D00D72D92 /* IBMMobileKit.framework */; };
		44CC8AA51DF1004D00D72D92 /* IBMMobileKit.framework in Embed Frameworks */ = {isa = PBXBuildFile; fileRef = 44CC8AA31DF1004D00D72D92 /* IBMMobileKit.framework */; settings = {ATTRIBUTES = (CodeSignOnCopy, RemoveHeadersOnCopy, ); }; };
		44FE25351CEC1F1100EA3E54 /* SettingsInfo.swift in Sources */ = {isa = PBXBuildFile; fileRef = 44FE25341CEC1F1100EA3E54 /* SettingsInfo.swift */; };
/* End PBXBuildFile section */

/* Begin PBXCopyFilesBuildPhase section */
		44E8C0441CEDAE1500333898 /* Embed Frameworks */ = {
			isa = PBXCopyFilesBuildPhase;
			buildActionMask = 2147483647;
			dstPath = "";
			dstSubfolderSpec = 10;
			files = (
				44CC8AA51DF1004D00D72D92 /* IBMMobileKit.framework in Embed Frameworks */,
			);
			name = "Embed Frameworks";
			runOnlyForDeploymentPostprocessing = 0;
		};
/* End PBXCopyFilesBuildPhase section */

/* Begin PBXFileReference section */
		44453BA81CE961D000280E42 /* authentication.app */ = {isa = PBXFileReference; explicitFileType = wrapper.application; includeInIndex = 0; path = authentication.app; sourceTree = BUILT_PRODUCTS_DIR; };
		44453BAB1CE961D000280E42 /* AppDelegate.swift */ = {isa = PBXFileReference; lastKnownFileType = sourcecode.swift; path = AppDelegate.swift; sourceTree = "<group>"; };
		44453BAD1CE961D000280E42 /* LoginViewController.swift */ = {isa = PBXFileReference; lastKnownFileType = sourcecode.swift; path = LoginViewController.swift; sourceTree = "<group>"; };
		44453BB01CE961D000280E42 /* Base */ = {isa = PBXFileReference; lastKnownFileType = file.storyboard; name = Base; path = Base.lproj/Main.storyboard; sourceTree = "<group>"; };
		44453BB21CE961D000280E42 /* Assets.xcassets */ = {isa = PBXFileReference; lastKnownFileType = folder.assetcatalog; path = Assets.xcassets; sourceTree = "<group>"; };
		44453BB51CE961D000280E42 /* Base */ = {isa = PBXFileReference; lastKnownFileType = file.storyboard; name = Base; path = Base.lproj/LaunchScreen.storyboard; sourceTree = "<group>"; };
		44453BB71CE961D000280E42 /* Info.plist */ = {isa = PBXFileReference; lastKnownFileType = text.plist.xml; path = Info.plist; sourceTree = "<group>"; };
		44453BBD1CE9733600280E42 /* SettingsViewController.swift */ = {isa = PBXFileReference; fileEncoding = 4; lastKnownFileType = sourcecode.swift; path = SettingsViewController.swift; sourceTree = "<group>"; };
		44CC8AA31DF1004D00D72D92 /* IBMMobileKit.framework */ = {isa = PBXFileReference; lastKnownFileType = wrapper.framework; name = IBMMobileKit.framework; path = Frameworks/Release/IBMMobileKit.framework; sourceTree = "<group>"; };
		44FE25341CEC1F1100EA3E54 /* SettingsInfo.swift */ = {isa = PBXFileReference; fileEncoding = 4; lastKnownFileType = sourcecode.swift; path = SettingsInfo.swift; sourceTree = "<group>"; };
/* End PBXFileReference section */

/* Begin PBXFrameworksBuildPhase section */
		44453BA51CE961D000280E42 /* Frameworks */ = {
			isa = PBXFrameworksBuildPhase;
			buildActionMask = 2147483647;
			files = (
				44CC8AA41DF1004D00D72D92 /* IBMMobileKit.framework in Frameworks */,
			);
			runOnlyForDeploymentPostprocessing = 0;
		};
/* End PBXFrameworksBuildPhase section */

/* Begin PBXGroup section */
		44453B9F1CE961D000280E42 = {
			isa = PBXGroup;
			children = (
				44CC8AA31DF1004D00D72D92 /* IBMMobileKit.framework */,
				44453BAA1CE961D000280E42 /* authentication */,
				44453BA91CE961D000280E42 /* Products */,
			);
			sourceTree = "<group>";
		};
		44453BA91CE961D000280E42 /* Products */ = {
			isa = PBXGroup;
			children = (
				44453BA81CE961D000280E42 /* authentication.app */,
			);
			name = Products;
			sourceTree = "<group>";
		};
		44453BAA1CE961D000280E42 /* authentication */ = {
			isa = PBXGroup;
			children = (
				44453BAB1CE961D000280E42 /* AppDelegate.swift */,
				44FE25341CEC1F1100EA3E54 /* SettingsInfo.swift */,
				44453BAD1CE961D000280E42 /* LoginViewController.swift */,
				44453BBD1CE9733600280E42 /* SettingsViewController.swift */,
				44453BAF1CE961D000280E42 /* Main.storyboard */,
				44453BB21CE961D000280E42 /* Assets.xcassets */,
				44453BB41CE961D000280E42 /* LaunchScreen.storyboard */,
				44453BB71CE961D000280E42 /* Info.plist */,
			);
			path = authentication;
			sourceTree = "<group>";
		};
/* End PBXGroup section */

/* Begin PBXNativeTarget section */
		44453BA71CE961D000280E42 /* authentication */ = {
			isa = PBXNativeTarget;
			buildConfigurationList = 44453BBA1CE961D000280E42 /* Build configuration list for PBXNativeTarget "authentication" */;
			buildPhases = (
				44453BA41CE961D000280E42 /* Sources */,
				44453BA51CE961D000280E42 /* Frameworks */,
				44453BA61CE961D000280E42 /* Resources */,
				44E8C0441CEDAE1500333898 /* Embed Frameworks */,
			);
			buildRules = (
			);
			dependencies = (
			);
			name = authentication;
			productName = authentication;
			productReference = 44453BA81CE961D000280E42 /* authentication.app */;
			productType = "com.apple.product-type.application";
		};
/* End PBXNativeTarget section */

/* Begin PBXProject section */
		44453BA01CE961D000280E42 /* Project object */ = {
			isa = PBXProject;
			attributes = {
				LastSwiftUpdateCheck = 0730;
				LastUpgradeCheck = 0810;
				ORGANIZATIONNAME = "IBM Security";
				TargetAttributes = {
					44453BA71CE961D000280E42 = {
						CreatedOnToolsVersion = 7.3.1;
						DevelopmentTeam = MN85Y3247U;
						LastSwiftMigration = 0810;
					};
				};
			};
			buildConfigurationList = 44453BA31CE961D000280E42 /* Build configuration list for PBXProject "authentication" */;
			compatibilityVersion = "Xcode 3.2";
			developmentRegion = English;
			hasScannedForEncodings = 0;
			knownRegions = (
				en,
				Base,
			);
			mainGroup = 44453B9F1CE961D000280E42;
			productRefGroup = 44453BA91CE961D000280E42 /* Products */;
			projectDirPath = "";
			projectRoot = "";
			targets = (
				44453BA71CE961D000280E42 /* authentication */,
			);
		};
/* End PBXProject section */

/* Begin PBXResourcesBuildPhase section */
		44453BA61CE961D000280E42 /* Resources */ = {
			isa = PBXResourcesBuildPhase;
			buildActionMask = 2147483647;
			files = (
				44453BB61CE961D000280E42 /* LaunchScreen.storyboard in Resources */,
				44453BB31CE961D000280E42 /* Assets.xcassets in Resources */,
				44453BB11CE961D000280E42 /* Main.storyboard in Resources */,
			);
			runOnlyForDeploymentPostprocessing = 0;
		};
/* End PBXResourcesBuildPhase section */

/* Begin PBXSourcesBuildPhase section */
		44453BA41CE961D000280E42 /* Sources */ = {
			isa = PBXSourcesBuildPhase;
			buildActionMask = 2147483647;
			files = (
				44FE25351CEC1F1100EA3E54 /* SettingsInfo.swift in Sources */,
				44453BAE1CE961D000280E42 /* LoginViewController.swift in Sources */,
				44453BAC1CE961D000280E42 /* AppDelegate.swift in Sources */,
				44453BBE1CE9733600280E42 /* SettingsViewController.swift in Sources */,
			);
			runOnlyForDeploymentPostprocessing = 0;
		};
/* End PBXSourcesBuildPhase section */

/* Begin PBXVariantGroup section */
		44453BAF1CE961D000280E42 /* Main.storyboard */ = {
			isa = PBXVariantGroup;
			children = (
				44453BB01CE961D000280E42 /* Base */,
			);
			name = Main.storyboard;
			sourceTree = "<group>";
		};
		44453BB41CE961D000280E42 /* LaunchScreen.storyboard */ = {
			isa = PBXVariantGroup;
			children = (
				44453BB51CE961D000280E42 /* Base */,
			);
			name = LaunchScreen.storyboard;
			sourceTree = "<group>";
		};
/* End PBXVariantGroup section */

/* Begin XCBuildConfiguration section */
		44453BB81CE961D000280E42 /* Debug */ = {
			isa = XCBuildConfiguration;
			buildSettings = {
				ALWAYS_SEARCH_USER_PATHS = NO;
				CLANG_ANALYZER_NONNULL = YES;
				CLANG_CXX_LANGUAGE_STANDARD = "gnu++0x";
				CLANG_CXX_LIBRARY = "libc++";
				CLANG_ENABLE_MODULES = YES;
				CLANG_ENABLE_OBJC_ARC = YES;
				CLANG_WARN_BOOL_CONVERSION = YES;
				CLANG_WARN_CONSTANT_CONVERSION = YES;
				CLANG_WARN_DIRECT_OBJC_ISA_USAGE = YES_ERROR;
				CLANG_WARN_EMPTY_BODY = YES;
				CLANG_WARN_ENUM_CONVERSION = YES;
				CLANG_WARN_INFINITE_RECURSION = YES;
				CLANG_WARN_INT_CONVERSION = YES;
				CLANG_WARN_OBJC_ROOT_CLASS = YES_ERROR;
				CLANG_WARN_SUSPICIOUS_MOVE = YES;
				CLANG_WARN_UNREACHABLE_CODE = YES;
				CLANG_WARN__DUPLICATE_METHOD_MATCH = YES;
				"CODE_SIGN_IDENTITY[sdk=iphoneos*]" = "iPhone Developer";
				COPY_PHASE_STRIP = NO;
				DEBUG_INFORMATION_FORMAT = dwarf;
				ENABLE_STRICT_OBJC_MSGSEND = YES;
				ENABLE_TESTABILITY = YES;
				GCC_C_LANGUAGE_STANDARD = gnu99;
				GCC_DYNAMIC_NO_PIC = NO;
				GCC_NO_COMMON_BLOCKS = YES;
				GCC_OPTIMIZATION_LEVEL = 0;
				GCC_PREPROCESSOR_DEFINITIONS = (
					"DEBUG=1",
					"$(inherited)",
				);
				GCC_WARN_64_TO_32_BIT_CONVERSION = YES;
				GCC_WARN_ABOUT_RETURN_TYPE = YES_ERROR;
				GCC_WARN_UNDECLARED_SELECTOR = YES;
				GCC_WARN_UNINITIALIZED_AUTOS = YES_AGGRESSIVE;
				GCC_WARN_UNUSED_FUNCTION = YES;
				GCC_WARN_UNUSED_VARIABLE = YES;
				IPHONEOS_DEPLOYMENT_TARGET = 9.3;
				MTL_ENABLE_DEBUG_INFO = YES;
				ONLY_ACTIVE_ARCH = YES;
				SDKROOT = iphoneos;
				SWIFT_OPTIMIZATION_LEVEL = "-Onone";
				TARGETED_DEVICE_FAMILY = "1,2";
			};
			name = Debug;
		};
		44453BB91CE961D000280E42 /* Release */ = {
			isa = XCBuildConfiguration;
			buildSettings = {
				ALWAYS_SEARCH_USER_PATHS = NO;
				CLANG_ANALYZER_NONNULL = YES;
				CLANG_CXX_LANGUAGE_STANDARD = "gnu++0x";
				CLANG_CXX_LIBRARY = "libc++";
				CLANG_ENABLE_MODULES = YES;
				CLANG_ENABLE_OBJC_ARC = YES;
				CLANG_WARN_BOOL_CONVERSION = YES;
				CLANG_WARN_CONSTANT_CONVERSION = YES;
				CLANG_WARN_DIRECT_OBJC_ISA_USAGE = YES_ERROR;
				CLANG_WARN_EMPTY_BODY = YES;
				CLANG_WARN_ENUM_CONVERSION = YES;
				CLANG_WARN_INFINITE_RECURSION = YES;
				CLANG_WARN_INT_CONVERSION = YES;
				CLANG_WARN_OBJC_ROOT_CLASS = YES_ERROR;
				CLANG_WARN_SUSPICIOUS_MOVE = YES;
				CLANG_WARN_UNREACHABLE_CODE = YES;
				CLANG_WARN__DUPLICATE_METHOD_MATCH = YES;
				"CODE_SIGN_IDENTITY[sdk=iphoneos*]" = "iPhone Developer";
				COPY_PHASE_STRIP = NO;
				DEBUG_INFORMATION_FORMAT = "dwarf-with-dsym";
				ENABLE_NS_ASSERTIONS = NO;
				ENABLE_STRICT_OBJC_MSGSEND = YES;
				GCC_C_LANGUAGE_STANDARD = gnu99;
				GCC_NO_COMMON_BLOCKS = YES;
				GCC_WARN_64_TO_32_BIT_CONVERSION = YES;
				GCC_WARN_ABOUT_RETURN_TYPE = YES_ERROR;
				GCC_WARN_UNDECLARED_SELECTOR = YES;
				GCC_WARN_UNINITIALIZED_AUTOS = YES_AGGRESSIVE;
				GCC_WARN_UNUSED_FUNCTION = YES;
				GCC_WARN_UNUSED_VARIABLE = YES;
				IPHONEOS_DEPLOYMENT_TARGET = 9.3;
				MTL_ENABLE_DEBUG_INFO = NO;
				SDKROOT = iphoneos;
				SWIFT_OPTIMIZATION_LEVEL = "-Owholemodule";
				TARGETED_DEVICE_FAMILY = "1,2";
				VALIDATE_PRODUCT = YES;
			};
			name = Release;
		};
		44453BBB1CE961D000280E42 /* Debug */ = {
			isa = XCBuildConfiguration;
			buildSettings = {
				ASSETCATALOG_COMPILER_APPICON_NAME = AppIcon;
				DEVELOPMENT_TEAM = MN85Y3247U;
				FRAMEWORK_SEARCH_PATHS = (
					"$(PROJECT_DIR)/Frameworks/$(CONFIGURATION)",
					"$(PROJECT_DIR)/Frameworks/Release",
				);
				INFOPLIST_FILE = authentication/Info.plist;
				LD_RUNPATH_SEARCH_PATHS = "$(inherited) @executable_path/Frameworks $(PROJECT_DIR)/Frameworks/$(CONFIGURATION)";
				PRODUCT_BUNDLE_IDENTIFIER = com.ibm.security.access.mobile.authenticator;
				PRODUCT_NAME = "$(TARGET_NAME)";
				SWIFT_INCLUDE_PATHS = Frameworks/CommonCrypto;
				SWIFT_VERSION = 2.3;
			};
			name = Debug;
		};
		44453BBC1CE961D000280E42 /* Release */ = {
			isa = XCBuildConfiguration;
			buildSettings = {
				ASSETCATALOG_COMPILER_APPICON_NAME = AppIcon;
				DEVELOPMENT_TEAM = MN85Y3247U;
				FRAMEWORK_SEARCH_PATHS = (
					"$(PROJECT_DIR)/Frameworks/$(CONFIGURATION)",
					"$(PROJECT_DIR)/Frameworks/Release",
				);
				INFOPLIST_FILE = authentication/Info.plist;
				LD_RUNPATH_SEARCH_PATHS = "$(inherited) @executable_path/Frameworks $(PROJECT_DIR)/Frameworks/$(CONFIGURATION)";
				PRODUCT_BUNDLE_IDENTIFIER = com.ibm.security.access.mobile.authenticator;
				PRODUCT_NAME = "$(TARGET_NAME)";
				SWIFT_INCLUDE_PATHS = Frameworks/CommonCrypto;
				SWIFT_VERSION = 2.3;
			};
			name = Release;
		};
/* End XCBuildConfiguration section */

/* Begin XCConfigurationList section */
		44453BA31CE961D000280E42 /* Build configuration list for PBXProject "authentication" */ = {
			isa = XCConfigurationList;
			buildConfigurations = (
				44453BB81CE961D000280E42 /* Debug */,
				44453BB91CE961D000280E42 /* Release */,
			);
			defaultConfigurationIsVisible = 0;
			defaultConfigurationName = Release;
		};
		44453BBA1CE961D000280E42 /* Build configuration list for PBXNativeTarget "authentication" */ = {
			isa = XCConfigurationList;
			buildConfigurations = (
				44453BBB1CE961D000280E42 /* Debug */,
				44453BBC1CE961D000280E42 /* Release */,
			);
			defaultConfigurationIsVisible = 0;
			defaultConfigurationName = Release;
		};
/* End XCConfigurationList section */
	};
	rootObject = 44453BA01CE961D000280E42 /* Project object */;
}
